{
    "_meta": {
        "hash": {
            "sha256": "4ac22bec6a3de1df91bbd77023a4ba349cba012bfd3d39b39e9dad7409ba2300"
        },
        "requires": {},
        "sources": [
            {
                "url": "https://pypi.python.org/simple",
                "verify_ssl": true
            }
        ]
    },
    "default": {
        "certifi": {
            "version": "==2017.4.17"
        },
        "chardet": {
            "version": "==3.0.4"
        },
        "coreapi": {
            "version": "==2.3.1"
        },
        "coreschema": {
            "version": "==0.0.4"
        },
        "decorator": {
            "version": "==4.0.11"
        },
        "django": {
            "version": "==1.11.2"
        },
        "django-cors-headers": {
            "version": "==2.1.0"
        },
        "django-rest-swagger": {
            "version": "==2.1.2"
        },
        "djangorestframework": {
            "version": "==3.6.3"
        },
        "idna": {
            "version": "==2.5"
        },
        "ipython": {
            "version": "==6.1.0"
        },
        "ipython-genutils": {
            "version": "==0.2.0"
        },
        "itypes": {
            "version": "==1.1.0"
        },
        "jedi": {
            "version": "==0.10.2"
        },
        "jinja2": {
            "version": "==2.9.6"
        },
        "markupsafe": {
            "version": "==1.0"
        },
        "openapi-codec": {
            "version": "==1.3.1"
        },
        "pexpect": {
            "version": "==4.2.1"
        },
        "pickleshare": {
            "version": "==0.7.4"
        },
        "prompt-toolkit": {
            "version": "==1.0.14"
        },
        "ptyprocess": {
            "version": "==0.5.1"
        },
        "pygments": {
            "version": "==2.2.0"
        },
        "pytz": {
            "version": "==2017.2"
        },
        "requests": {
            "version": "==2.18.1"
        },
        "setuptools": {
            "version": "==36.0.1"
        },
        "simplegeneric": {
            "version": "==0.8.1"
        },
        "simplejson": {
            "version": "==3.10.0"
        },
        "six": {
            "version": "==1.10.0"
        },
        "traitlets": {
            "version": "==4.3.2"
        },
        "uritemplate": {
            "version": "==3.0.0"
        },
        "urllib3": {
            "version": "==1.21.1"
        },
        "wcwidth": {
            "version": "==0.1.7"
        }
    },
    "develop": {
        "django": {
            "version": "==1.11.2"
        },
        "django-debug-toolbar": {
            "version": "==1.8"
        },
        "pytz": {
            "version": "==2017.2"
        },
        "sqlparse": {
            "version": "==0.2.3"
        }
    }
}
